// !$*UTF8*$!
{
	archiveVersion = 1;
	classes = {
	};
	objectVersion = 46;
	objects = {

/* Begin PBXBuildFile section */
		184093361E27F61E00EAD8AF /* AppDelegate.swift in Sources */ = {isa = PBXBuildFile; fileRef = 184093351E27F61E00EAD8AF /* AppDelegate.swift */; };
		184093381E27F61E00EAD8AF /* ViewController.swift in Sources */ = {isa = PBXBuildFile; fileRef = 184093371E27F61E00EAD8AF /* ViewController.swift */; };
		1840933B1E27F61E00EAD8AF /* Main.storyboard in Resources */ = {isa = PBXBuildFile; fileRef = 184093391E27F61E00EAD8AF /* Main.storyboard */; };
		1840933E1E27F61F00EAD8AF /* Prototipo_iOS_DesMovil.xcdatamodeld in Sources */ = {isa = PBXBuildFile; fileRef = 1840933C1E27F61F00EAD8AF /* Prototipo_iOS_DesMovil.xcdatamodeld */; };
		184093401E27F61F00EAD8AF /* Assets.xcassets in Resources */ = {isa = PBXBuildFile; fileRef = 1840933F1E27F61F00EAD8AF /* Assets.xcassets */; };
		184093431E27F61F00EAD8AF /* LaunchScreen.storyboard in Resources */ = {isa = PBXBuildFile; fileRef = 184093411E27F61F00EAD8AF /* LaunchScreen.storyboard */; };
		1840934E1E27F61F00EAD8AF /* Prototipo_iOS_DesMovilTests.swift in Sources */ = {isa = PBXBuildFile; fileRef = 1840934D1E27F61F00EAD8AF /* Prototipo_iOS_DesMovilTests.swift */; };
		184093591E27F61F00EAD8AF /* Prototipo_iOS_DesMovilUITests.swift in Sources */ = {isa = PBXBuildFile; fileRef = 184093581E27F61F00EAD8AF /* Prototipo_iOS_DesMovilUITests.swift */; };
		184093681E27F66000EAD8AF /* MapKit.framework in Frameworks */ = {isa = PBXBuildFile; fileRef = 184093671E27F66000EAD8AF /* MapKit.framework */; };
		18ADFCB71E31AE0B00F2DD68 /* UITextField+SigCampo.swift in Sources */ = {isa = PBXBuildFile; fileRef = 18ADFCB61E31AE0B00F2DD68 /* UITextField+SigCampo.swift */; };
		18F64A6A1E2D31D700BE3EB6 /* GoogleService-Info.plist in Resources */ = {isa = PBXBuildFile; fileRef = 18F64A691E2D31D700BE3EB6 /* GoogleService-Info.plist */; };
		18F64A6C1E2D3CC100BE3EB6 /* Registro_UsuariosViewController.swift in Sources */ = {isa = PBXBuildFile; fileRef = 18F64A6B1E2D3CC100BE3EB6 /* Registro_UsuariosViewController.swift */; };
		5496DD1A1C48D323DFC01E2E /* Pods_Prototipo_iOS_DesMovilUITests.framework in Frameworks */ = {isa = PBXBuildFile; fileRef = EB54FE417450C22C8760A008 /* Pods_Prototipo_iOS_DesMovilUITests.framework */; };
		5F1A1EF53B3D0B5364A16BF8 /* Pods_Prototipo_iOS_DesMovil.framework in Frameworks */ = {isa = PBXBuildFile; fileRef = C7E91A9F9489DAA2022C33CB /* Pods_Prototipo_iOS_DesMovil.framework */; };
		997BC13BA6506368823504CC /* Pods_Prototipo_iOS_DesMovilTests.framework in Frameworks */ = {isa = PBXBuildFile; fileRef = 1F15AD8B81C53B3BDB2D4378 /* Pods_Prototipo_iOS_DesMovilTests.framework */; };
/* End PBXBuildFile section */

/* Begin PBXContainerItemProxy section */
		1840934A1E27F61F00EAD8AF /* PBXContainerItemProxy */ = {
			isa = PBXContainerItemProxy;
			containerPortal = 1840932A1E27F61D00EAD8AF /* Project object */;
			proxyType = 1;
			remoteGlobalIDString = 184093311E27F61E00EAD8AF;
			remoteInfo = Prototipo_iOS_DesMovil;
		};
		184093551E27F61F00EAD8AF /* PBXContainerItemProxy */ = {
			isa = PBXContainerItemProxy;
			containerPortal = 1840932A1E27F61D00EAD8AF /* Project object */;
			proxyType = 1;
			remoteGlobalIDString = 184093311E27F61E00EAD8AF;
			remoteInfo = Prototipo_iOS_DesMovil;
		};
/* End PBXContainerItemProxy section */

/* Begin PBXFileReference section */
		184093321E27F61E00EAD8AF /* Prototipo_iOS_DesMovil.app */ = {isa = PBXFileReference; explicitFileType = wrapper.application; includeInIndex = 0; path = Prototipo_iOS_DesMovil.app; sourceTree = BUILT_PRODUCTS_DIR; };
		184093351E27F61E00EAD8AF /* AppDelegate.swift */ = {isa = PBXFileReference; lastKnownFileType = sourcecode.swift; path = AppDelegate.swift; sourceTree = "<group>"; };
		184093371E27F61E00EAD8AF /* ViewController.swift */ = {isa = PBXFileReference; lastKnownFileType = sourcecode.swift; path = ViewController.swift; sourceTree = "<group>"; };
		1840933A1E27F61E00EAD8AF /* Base */ = {isa = PBXFileReference; lastKnownFileType = file.storyboard; name = Base; path = Base.lproj/Main.storyboard; sourceTree = "<group>"; };
		1840933D1E27F61F00EAD8AF /* Prototipo_iOS_DesMovil.xcdatamodel */ = {isa = PBXFileReference; lastKnownFileType = wrapper.xcdatamodel; path = Prototipo_iOS_DesMovil.xcdatamodel; sourceTree = "<group>"; };
		1840933F1E27F61F00EAD8AF /* Assets.xcassets */ = {isa = PBXFileReference; lastKnownFileType = folder.assetcatalog; path = Assets.xcassets; sourceTree = "<group>"; };
		184093421E27F61F00EAD8AF /* Base */ = {isa = PBXFileReference; lastKnownFileType = file.storyboard; name = Base; path = Base.lproj/LaunchScreen.storyboard; sourceTree = "<group>"; };
		184093441E27F61F00EAD8AF /* Info.plist */ = {isa = PBXFileReference; lastKnownFileType = text.plist.xml; path = Info.plist; sourceTree = "<group>"; };
		184093491E27F61F00EAD8AF /* Prototipo_iOS_DesMovilTests.xctest */ = {isa = PBXFileReference; explicitFileType = wrapper.cfbundle; includeInIndex = 0; path = Prototipo_iOS_DesMovilTests.xctest; sourceTree = BUILT_PRODUCTS_DIR; };
		1840934D1E27F61F00EAD8AF /* Prototipo_iOS_DesMovilTests.swift */ = {isa = PBXFileReference; lastKnownFileType = sourcecode.swift; path = Prototipo_iOS_DesMovilTests.swift; sourceTree = "<group>"; };
		1840934F1E27F61F00EAD8AF /* Info.plist */ = {isa = PBXFileReference; lastKnownFileType = text.plist.xml; path = Info.plist; sourceTree = "<group>"; };
		184093541E27F61F00EAD8AF /* Prototipo_iOS_DesMovilUITests.xctest */ = {isa = PBXFileReference; explicitFileType = wrapper.cfbundle; includeInIndex = 0; path = Prototipo_iOS_DesMovilUITests.xctest; sourceTree = BUILT_PRODUCTS_DIR; };
		184093581E27F61F00EAD8AF /* Prototipo_iOS_DesMovilUITests.swift */ = {isa = PBXFileReference; lastKnownFileType = sourcecode.swift; path = Prototipo_iOS_DesMovilUITests.swift; sourceTree = "<group>"; };
		1840935A1E27F61F00EAD8AF /* Info.plist */ = {isa = PBXFileReference; lastKnownFileType = text.plist.xml; path = Info.plist; sourceTree = "<group>"; };
		184093671E27F66000EAD8AF /* MapKit.framework */ = {isa = PBXFileReference; lastKnownFileType = wrapper.framework; name = MapKit.framework; path = System/Library/Frameworks/MapKit.framework; sourceTree = SDKROOT; };
		18ADFCB61E31AE0B00F2DD68 /* UITextField+SigCampo.swift */ = {isa = PBXFileReference; fileEncoding = 4; lastKnownFileType = sourcecode.swift; path = "UITextField+SigCampo.swift"; sourceTree = "<group>"; };
		18F64A691E2D31D700BE3EB6 /* GoogleService-Info.plist */ = {isa = PBXFileReference; fileEncoding = 4; lastKnownFileType = text.plist.xml; path = "GoogleService-Info.plist"; sourceTree = "<group>"; };
		18F64A6B1E2D3CC100BE3EB6 /* Registro_UsuariosViewController.swift */ = {isa = PBXFileReference; fileEncoding = 4; lastKnownFileType = sourcecode.swift; path = Registro_UsuariosViewController.swift; sourceTree = "<group>"; };
		1F15AD8B81C53B3BDB2D4378 /* Pods_Prototipo_iOS_DesMovilTests.framework */ = {isa = PBXFileReference; explicitFileType = wrapper.framework; includeInIndex = 0; path = Pods_Prototipo_iOS_DesMovilTests.framework; sourceTree = BUILT_PRODUCTS_DIR; };
		2C55C325182ACE00F25FD852 /* Pods-Prototipo_iOS_DesMovilUITests.debug.xcconfig */ = {isa = PBXFileReference; includeInIndex = 1; lastKnownFileType = text.xcconfig; name = "Pods-Prototipo_iOS_DesMovilUITests.debug.xcconfig"; path = "Pods/Target Support Files/Pods-Prototipo_iOS_DesMovilUITests/Pods-Prototipo_iOS_DesMovilUITests.debug.xcconfig"; sourceTree = "<group>"; };
		9C8D466524AD4299D06CD3C0 /* Pods-Prototipo_iOS_DesMovil.debug.xcconfig */ = {isa = PBXFileReference; includeInIndex = 1; lastKnownFileType = text.xcconfig; name = "Pods-Prototipo_iOS_DesMovil.debug.xcconfig"; path = "Pods/Target Support Files/Pods-Prototipo_iOS_DesMovil/Pods-Prototipo_iOS_DesMovil.debug.xcconfig"; sourceTree = "<group>"; };
		A1E0CFB70BF49B8D8E413CF4 /* Pods-Prototipo_iOS_DesMovilUITests.release.xcconfig */ = {isa = PBXFileReference; includeInIndex = 1; lastKnownFileType = text.xcconfig; name = "Pods-Prototipo_iOS_DesMovilUITests.release.xcconfig"; path = "Pods/Target Support Files/Pods-Prototipo_iOS_DesMovilUITests/Pods-Prototipo_iOS_DesMovilUITests.release.xcconfig"; sourceTree = "<group>"; };
		C7E91A9F9489DAA2022C33CB /* Pods_Prototipo_iOS_DesMovil.framework */ = {isa = PBXFileReference; explicitFileType = wrapper.framework; includeInIndex = 0; path = Pods_Prototipo_iOS_DesMovil.framework; sourceTree = BUILT_PRODUCTS_DIR; };
		CDB02A7CF55201FCEEB000B0 /* Pods-Prototipo_iOS_DesMovil.release.xcconfig */ = {isa = PBXFileReference; includeInIndex = 1; lastKnownFileType = text.xcconfig; name = "Pods-Prototipo_iOS_DesMovil.release.xcconfig"; path = "Pods/Target Support Files/Pods-Prototipo_iOS_DesMovil/Pods-Prototipo_iOS_DesMovil.release.xcconfig"; sourceTree = "<group>"; };
		DACB8EA658C44432F8620C9F /* Pods-Prototipo_iOS_DesMovilTests.debug.xcconfig */ = {isa = PBXFileReference; includeInIndex = 1; lastKnownFileType = text.xcconfig; name = "Pods-Prototipo_iOS_DesMovilTests.debug.xcconfig"; path = "Pods/Target Support Files/Pods-Prototipo_iOS_DesMovilTests/Pods-Prototipo_iOS_DesMovilTests.debug.xcconfig"; sourceTree = "<group>"; };
		EB54FE417450C22C8760A008 /* Pods_Prototipo_iOS_DesMovilUITests.framework */ = {isa = PBXFileReference; explicitFileType = wrapper.framework; includeInIndex = 0; path = Pods_Prototipo_iOS_DesMovilUITests.framework; sourceTree = BUILT_PRODUCTS_DIR; };
		F86EF6C8348C8F11226E69F9 /* Pods-Prototipo_iOS_DesMovilTests.release.xcconfig */ = {isa = PBXFileReference; includeInIndex = 1; lastKnownFileType = text.xcconfig; name = "Pods-Prototipo_iOS_DesMovilTests.release.xcconfig"; path = "Pods/Target Support Files/Pods-Prototipo_iOS_DesMovilTests/Pods-Prototipo_iOS_DesMovilTests.release.xcconfig"; sourceTree = "<group>"; };
/* End PBXFileReference section */

/* Begin PBXFrameworksBuildPhase section */
		1840932F1E27F61E00EAD8AF /* Frameworks */ = {
			isa = PBXFrameworksBuildPhase;
			buildActionMask = 2147483647;
			files = (
				184093681E27F66000EAD8AF /* MapKit.framework in Frameworks */,
				5F1A1EF53B3D0B5364A16BF8 /* Pods_Prototipo_iOS_DesMovil.framework in Frameworks */,
			);
			runOnlyForDeploymentPostprocessing = 0;
		};
		184093461E27F61F00EAD8AF /* Frameworks */ = {
			isa = PBXFrameworksBuildPhase;
			buildActionMask = 2147483647;
			files = (
				997BC13BA6506368823504CC /* Pods_Prototipo_iOS_DesMovilTests.framework in Frameworks */,
			);
			runOnlyForDeploymentPostprocessing = 0;
		};
		184093511E27F61F00EAD8AF /* Frameworks */ = {
			isa = PBXFrameworksBuildPhase;
			buildActionMask = 2147483647;
			files = (
				5496DD1A1C48D323DFC01E2E /* Pods_Prototipo_iOS_DesMovilUITests.framework in Frameworks */,
			);
			runOnlyForDeploymentPostprocessing = 0;
		};
/* End PBXFrameworksBuildPhase section */

/* Begin PBXGroup section */
		184093291E27F61D00EAD8AF = {
			isa = PBXGroup;
			children = (
				184093341E27F61E00EAD8AF /* Prototipo_iOS_DesMovil */,
				1840934C1E27F61F00EAD8AF /* Prototipo_iOS_DesMovilTests */,
				184093571E27F61F00EAD8AF /* Prototipo_iOS_DesMovilUITests */,
				184093331E27F61E00EAD8AF /* Products */,
				184093661E27F66000EAD8AF /* Frameworks */,
				D3043F775070E710A9E61346 /* Pods */,
			);
			sourceTree = "<group>";
		};
		184093331E27F61E00EAD8AF /* Products */ = {
			isa = PBXGroup;
			children = (
				184093321E27F61E00EAD8AF /* Prototipo_iOS_DesMovil.app */,
				184093491E27F61F00EAD8AF /* Prototipo_iOS_DesMovilTests.xctest */,
				184093541E27F61F00EAD8AF /* Prototipo_iOS_DesMovilUITests.xctest */,
			);
			name = Products;
			sourceTree = "<group>";
		};
		184093341E27F61E00EAD8AF /* Prototipo_iOS_DesMovil */ = {
			isa = PBXGroup;
			children = (
				18ADFCB51E31AD8B00F2DD68 /* Extensiones */,
				18C1659F1E3114CF0021B35C /* Menus_Prototipo */,
				186606261E312C64008B3FC8 /* Reg_Nuevo_Usr */,
				184093351E27F61E00EAD8AF /* AppDelegate.swift */,
				18F64A6B1E2D3CC100BE3EB6 /* Registro_UsuariosViewController.swift */,
				184093391E27F61E00EAD8AF /* Main.storyboard */,
				1840933F1E27F61F00EAD8AF /* Assets.xcassets */,
				184093411E27F61F00EAD8AF /* LaunchScreen.storyboard */,
				184093441E27F61F00EAD8AF /* Info.plist */,
				18F64A691E2D31D700BE3EB6 /* GoogleService-Info.plist */,
				1840933C1E27F61F00EAD8AF /* Prototipo_iOS_DesMovil.xcdatamodeld */,
			);
			path = Prototipo_iOS_DesMovil;
			sourceTree = "<group>";
		};
		1840934C1E27F61F00EAD8AF /* Prototipo_iOS_DesMovilTests */ = {
			isa = PBXGroup;
			children = (
				1840934D1E27F61F00EAD8AF /* Prototipo_iOS_DesMovilTests.swift */,
				1840934F1E27F61F00EAD8AF /* Info.plist */,
			);
			path = Prototipo_iOS_DesMovilTests;
			sourceTree = "<group>";
		};
		184093571E27F61F00EAD8AF /* Prototipo_iOS_DesMovilUITests */ = {
			isa = PBXGroup;
			children = (
				184093581E27F61F00EAD8AF /* Prototipo_iOS_DesMovilUITests.swift */,
				1840935A1E27F61F00EAD8AF /* Info.plist */,
			);
			path = Prototipo_iOS_DesMovilUITests;
			sourceTree = "<group>";
		};
		184093661E27F66000EAD8AF /* Frameworks */ = {
			isa = PBXGroup;
			children = (
				184093671E27F66000EAD8AF /* MapKit.framework */,
				C7E91A9F9489DAA2022C33CB /* Pods_Prototipo_iOS_DesMovil.framework */,
				1F15AD8B81C53B3BDB2D4378 /* Pods_Prototipo_iOS_DesMovilTests.framework */,
				EB54FE417450C22C8760A008 /* Pods_Prototipo_iOS_DesMovilUITests.framework */,
			);
			name = Frameworks;
			sourceTree = "<group>";
		};
		186606261E312C64008B3FC8 /* Reg_Nuevo_Usr */ = {
			isa = PBXGroup;
			children = (
			);
			name = Reg_Nuevo_Usr;
			sourceTree = "<group>";
		};
		18ADFCB51E31AD8B00F2DD68 /* Extensiones */ = {
			isa = PBXGroup;
			children = (
				18ADFCB61E31AE0B00F2DD68 /* UITextField+SigCampo.swift */,
			);
			name = Extensiones;
			sourceTree = "<group>";
		};
		18C1659F1E3114CF0021B35C /* Menus_Prototipo */ = {
			isa = PBXGroup;
			children = (
				184093371E27F61E00EAD8AF /* ViewController.swift */,
			);
			name = Menus_Prototipo;
			sourceTree = "<group>";
		};
		D3043F775070E710A9E61346 /* Pods */ = {
			isa = PBXGroup;
			children = (
				9C8D466524AD4299D06CD3C0 /* Pods-Prototipo_iOS_DesMovil.debug.xcconfig */,
				CDB02A7CF55201FCEEB000B0 /* Pods-Prototipo_iOS_DesMovil.release.xcconfig */,
				DACB8EA658C44432F8620C9F /* Pods-Prototipo_iOS_DesMovilTests.debug.xcconfig */,
				F86EF6C8348C8F11226E69F9 /* Pods-Prototipo_iOS_DesMovilTests.release.xcconfig */,
				2C55C325182ACE00F25FD852 /* Pods-Prototipo_iOS_DesMovilUITests.debug.xcconfig */,
				A1E0CFB70BF49B8D8E413CF4 /* Pods-Prototipo_iOS_DesMovilUITests.release.xcconfig */,
			);
			name = Pods;
			sourceTree = "<group>";
		};
/* End PBXGroup section */

/* Begin PBXNativeTarget section */
		184093311E27F61E00EAD8AF /* Prototipo_iOS_DesMovil */ = {
			isa = PBXNativeTarget;
			buildConfigurationList = 1840935D1E27F61F00EAD8AF /* Build configuration list for PBXNativeTarget "Prototipo_iOS_DesMovil" */;
			buildPhases = (
				6D6AE46031675A08800C2393 /* [CP] Check Pods Manifest.lock */,
				1840932E1E27F61E00EAD8AF /* Sources */,
				1840932F1E27F61E00EAD8AF /* Frameworks */,
				184093301E27F61E00EAD8AF /* Resources */,
				6641A696C35EB57B684343D0 /* [CP] Embed Pods Frameworks */,
				9E69301A5D04901D40CA0034 /* [CP] Copy Pods Resources */,
			);
			buildRules = (
			);
			dependencies = (
			);
			name = Prototipo_iOS_DesMovil;
			productName = Prototipo_iOS_DesMovil;
			productReference = 184093321E27F61E00EAD8AF /* Prototipo_iOS_DesMovil.app */;
			productType = "com.apple.product-type.application";
		};
		184093481E27F61F00EAD8AF /* Prototipo_iOS_DesMovilTests */ = {
			isa = PBXNativeTarget;
			buildConfigurationList = 184093601E27F61F00EAD8AF /* Build configuration list for PBXNativeTarget "Prototipo_iOS_DesMovilTests" */;
			buildPhases = (
				BF5F6D9AD57C8C330593463F /* [CP] Check Pods Manifest.lock */,
				184093451E27F61F00EAD8AF /* Sources */,
				184093461E27F61F00EAD8AF /* Frameworks */,
				184093471E27F61F00EAD8AF /* Resources */,
				CD04D88792C6372ACD1D6FD3 /* [CP] Embed Pods Frameworks */,
				7292F3088B838DC8545512D5 /* [CP] Copy Pods Resources */,
			);
			buildRules = (
			);
			dependencies = (
				1840934B1E27F61F00EAD8AF /* PBXTargetDependency */,
			);
			name = Prototipo_iOS_DesMovilTests;
			productName = Prototipo_iOS_DesMovilTests;
			productReference = 184093491E27F61F00EAD8AF /* Prototipo_iOS_DesMovilTests.xctest */;
			productType = "com.apple.product-type.bundle.unit-test";
		};
		184093531E27F61F00EAD8AF /* Prototipo_iOS_DesMovilUITests */ = {
			isa = PBXNativeTarget;
			buildConfigurationList = 184093631E27F61F00EAD8AF /* Build configuration list for PBXNativeTarget "Prototipo_iOS_DesMovilUITests" */;
			buildPhases = (
				10DD2E702709CB636231AF24 /* [CP] Check Pods Manifest.lock */,
				184093501E27F61F00EAD8AF /* Sources */,
				184093511E27F61F00EAD8AF /* Frameworks */,
				184093521E27F61F00EAD8AF /* Resources */,
				C379CBC215061A4FCCB5500F /* [CP] Embed Pods Frameworks */,
				4509FE7CBC80F3B1A22FC4FE /* [CP] Copy Pods Resources */,
			);
			buildRules = (
			);
			dependencies = (
				184093561E27F61F00EAD8AF /* PBXTargetDependency */,
			);
			name = Prototipo_iOS_DesMovilUITests;
			productName = Prototipo_iOS_DesMovilUITests;
			productReference = 184093541E27F61F00EAD8AF /* Prototipo_iOS_DesMovilUITests.xctest */;
			productType = "com.apple.product-type.bundle.ui-testing";
		};
/* End PBXNativeTarget section */

/* Begin PBXProject section */
		1840932A1E27F61D00EAD8AF /* Project object */ = {
			isa = PBXProject;
			attributes = {
				LastSwiftUpdateCheck = 0820;
				LastUpgradeCheck = 0820;
				ORGANIZATIONNAME = "Integra IT";
				TargetAttributes = {
					184093311E27F61E00EAD8AF = {
						CreatedOnToolsVersion = 8.2.1;
						DevelopmentTeam = 9VFL5M6PR9;
						ProvisioningStyle = Automatic;
						SystemCapabilities = {
							com.apple.BackgroundModes = {
								enabled = 0;
							};
							com.apple.Maps.iOS = {
								enabled = 1;
							};
						};
					};
					184093481E27F61F00EAD8AF = {
						CreatedOnToolsVersion = 8.2.1;
						DevelopmentTeam = 9VFL5M6PR9;
						ProvisioningStyle = Automatic;
						TestTargetID = 184093311E27F61E00EAD8AF;
					};
					184093531E27F61F00EAD8AF = {
						CreatedOnToolsVersion = 8.2.1;
						DevelopmentTeam = 9VFL5M6PR9;
						ProvisioningStyle = Automatic;
						TestTargetID = 184093311E27F61E00EAD8AF;
					};
				};
			};
			buildConfigurationList = 1840932D1E27F61D00EAD8AF /* Build configuration list for PBXProject "Prototipo_iOS_DesMovil" */;
			compatibilityVersion = "Xcode 3.2";
			developmentRegion = English;
			hasScannedForEncodings = 0;
			knownRegions = (
				en,
				Base,
			);
			mainGroup = 184093291E27F61D00EAD8AF;
			productRefGroup = 184093331E27F61E00EAD8AF /* Products */;
			projectDirPath = "";
			projectRoot = "";
			targets = (
				184093311E27F61E00EAD8AF /* Prototipo_iOS_DesMovil */,
				184093481E27F61F00EAD8AF /* Prototipo_iOS_DesMovilTests */,
				184093531E27F61F00EAD8AF /* Prototipo_iOS_DesMovilUITests */,
			);
		};
/* End PBXProject section */

/* Begin PBXResourcesBuildPhase section */
		184093301E27F61E00EAD8AF /* Resources */ = {
			isa = PBXResourcesBuildPhase;
			buildActionMask = 2147483647;
			files = (
				184093431E27F61F00EAD8AF /* LaunchScreen.storyboard in Resources */,
				18F64A6A1E2D31D700BE3EB6 /* GoogleService-Info.plist in Resources */,
				184093401E27F61F00EAD8AF /* Assets.xcassets in Resources */,
				1840933B1E27F61E00EAD8AF /* Main.storyboard in Resources */,
			);
			runOnlyForDeploymentPostprocessing = 0;
		};
		184093471E27F61F00EAD8AF /* Resources */ = {
			isa = PBXResourcesBuildPhase;
			buildActionMask = 2147483647;
			files = (
			);
			runOnlyForDeploymentPostprocessing = 0;
		};
		184093521E27F61F00EAD8AF /* Resources */ = {
			isa = PBXResourcesBuildPhase;
			buildActionMask = 2147483647;
			files = (
			);
			runOnlyForDeploymentPostprocessing = 0;
		};
/* End PBXResourcesBuildPhase section */

/* Begin PBXShellScriptBuildPhase section */
		10DD2E702709CB636231AF24 /* [CP] Check Pods Manifest.lock */ = {
			isa = PBXShellScriptBuildPhase;
			buildActionMask = 2147483647;
			files = (
			);
			inputPaths = (
			);
			name = "[CP] Check Pods Manifest.lock";
			outputPaths = (
			);
			runOnlyForDeploymentPostprocessing = 0;
			shellPath = /bin/sh;
			shellScript = "diff \"${PODS_ROOT}/../Podfile.lock\" \"${PODS_ROOT}/Manifest.lock\" > /dev/null\nif [ $? != 0 ] ; then\n    # print error to STDERR\n    echo \"error: The sandbox is not in sync with the Podfile.lock. Run 'pod install' or update your CocoaPods installation.\" >&2\n    exit 1\nfi\n";
			showEnvVarsInLog = 0;
		};
		4509FE7CBC80F3B1A22FC4FE /* [CP] Copy Pods Resources */ = {
			isa = PBXShellScriptBuildPhase;
			buildActionMask = 2147483647;
			files = (
			);
			inputPaths = (
			);
			name = "[CP] Copy Pods Resources";
			outputPaths = (
			);
			runOnlyForDeploymentPostprocessing = 0;
			shellPath = /bin/sh;
			shellScript = "\"${SRCROOT}/Pods/Target Support Files/Pods-Prototipo_iOS_DesMovilUITests/Pods-Prototipo_iOS_DesMovilUITests-resources.sh\"\n";
			showEnvVarsInLog = 0;
		};
		6641A696C35EB57B684343D0 /* [CP] Embed Pods Frameworks */ = {
			isa = PBXShellScriptBuildPhase;
			buildActionMask = 2147483647;
			files = (
			);
			inputPaths = (
			);
			name = "[CP] Embed Pods Frameworks";
			outputPaths = (
			);
			runOnlyForDeploymentPostprocessing = 0;
			shellPath = /bin/sh;
			shellScript = "\"${SRCROOT}/Pods/Target Support Files/Pods-Prototipo_iOS_DesMovil/Pods-Prototipo_iOS_DesMovil-frameworks.sh\"\n";
			showEnvVarsInLog = 0;
		};
		6D6AE46031675A08800C2393 /* [CP] Check Pods Manifest.lock */ = {
			isa = PBXShellScriptBuildPhase;
			buildActionMask = 2147483647;
			files = (
			);
			inputPaths = (
			);
			name = "[CP] Check Pods Manifest.lock";
			outputPaths = (
			);
			runOnlyForDeploymentPostprocessing = 0;
			shellPath = /bin/sh;
			shellScript = "diff \"${PODS_ROOT}/../Podfile.lock\" \"${PODS_ROOT}/Manifest.lock\" > /dev/null\nif [ $? != 0 ] ; then\n    # print error to STDERR\n    echo \"error: The sandbox is not in sync with the Podfile.lock. Run 'pod install' or update your CocoaPods installation.\" >&2\n    exit 1\nfi\n";
			showEnvVarsInLog = 0;
		};
		7292F3088B838DC8545512D5 /* [CP] Copy Pods Resources */ = {
			isa = PBXShellScriptBuildPhase;
			buildActionMask = 2147483647;
			files = (
			);
			inputPaths = (
			);
			name = "[CP] Copy Pods Resources";
			outputPaths = (
			);
			runOnlyForDeploymentPostprocessing = 0;
			shellPath = /bin/sh;
			shellScript = "\"${SRCROOT}/Pods/Target Support Files/Pods-Prototipo_iOS_DesMovilTests/Pods-Prototipo_iOS_DesMovilTests-resources.sh\"\n";
			showEnvVarsInLog = 0;
		};
		9E69301A5D04901D40CA0034 /* [CP] Copy Pods Resources */ = {
			isa = PBXShellScriptBuildPhase;
			buildActionMask = 2147483647;
			files = (
			);
			inputPaths = (
			);
			name = "[CP] Copy Pods Resources";
			outputPaths = (
			);
			runOnlyForDeploymentPostprocessing = 0;
			shellPath = /bin/sh;
			shellScript = "\"${SRCROOT}/Pods/Target Support Files/Pods-Prototipo_iOS_DesMovil/Pods-Prototipo_iOS_DesMovil-resources.sh\"\n";
			showEnvVarsInLog = 0;
		};
		BF5F6D9AD57C8C330593463F /* [CP] Check Pods Manifest.lock */ = {
			isa = PBXShellScriptBuildPhase;
			buildActionMask = 2147483647;
			files = (
			);
			inputPaths = (
			);
			name = "[CP] Check Pods Manifest.lock";
			outputPaths = (
			);
			runOnlyForDeploymentPostprocessing = 0;
			shellPath = /bin/sh;
			shellScript = "diff \"${PODS_ROOT}/../Podfile.lock\" \"${PODS_ROOT}/Manifest.lock\" > /dev/null\nif [ $? != 0 ] ; then\n    # print error to STDERR\n    echo \"error: The sandbox is not in sync with the Podfile.lock. Run 'pod install' or update your CocoaPods installation.\" >&2\n    exit 1\nfi\n";
			showEnvVarsInLog = 0;
		};
		C379CBC215061A4FCCB5500F /* [CP] Embed Pods Frameworks */ = {
			isa = PBXShellScriptBuildPhase;
			buildActionMask = 2147483647;
			files = (
			);
			inputPaths = (
			);
			name = "[CP] Embed Pods Frameworks";
			outputPaths = (
			);
			runOnlyForDeploymentPostprocessing = 0;
			shellPath = /bin/sh;
			shellScript = "\"${SRCROOT}/Pods/Target Support Files/Pods-Prototipo_iOS_DesMovilUITests/Pods-Prototipo_iOS_DesMovilUITests-frameworks.sh\"\n";
			showEnvVarsInLog = 0;
		};
		CD04D88792C6372ACD1D6FD3 /* [CP] Embed Pods Frameworks */ = {
			isa = PBXShellScriptBuildPhase;
			buildActionMask = 2147483647;
			files = (
			);
			inputPaths = (
			);
			name = "[CP] Embed Pods Frameworks";
			outputPaths = (
			);
			runOnlyForDeploymentPostprocessing = 0;
			shellPath = /bin/sh;
			shellScript = "\"${SRCROOT}/Pods/Target Support Files/Pods-Prototipo_iOS_DesMovilTests/Pods-Prototipo_iOS_DesMovilTests-frameworks.sh\"\n";
			showEnvVarsInLog = 0;
		};
/* End PBXShellScriptBuildPhase section */

/* Begin PBXSourcesBuildPhase section */
		1840932E1E27F61E00EAD8AF /* Sources */ = {
			isa = PBXSourcesBuildPhase;
			buildActionMask = 2147483647;
			files = (
				18F64A6C1E2D3CC100BE3EB6 /* Registro_UsuariosViewController.swift in Sources */,
				184093381E27F61E00EAD8AF /* ViewController.swift in Sources */,
				18ADFCB71E31AE0B00F2DD68 /* UITextField+SigCampo.swift in Sources */,
				1840933E1E27F61F00EAD8AF /* Prototipo_iOS_DesMovil.xcdatamodeld in Sources */,
				184093361E27F61E00EAD8AF /* AppDelegate.swift in Sources */,
			);
			runOnlyForDeploymentPostprocessing = 0;
		};
		184093451E27F61F00EAD8AF /* Sources */ = {
			isa = PBXSourcesBuildPhase;
			buildActionMask = 2147483647;
			files = (
				1840934E1E27F61F00EAD8AF /* Prototipo_iOS_DesMovilTests.swift in Sources */,
			);
			runOnlyForDeploymentPostprocessing = 0;
		};
		184093501E27F61F00EAD8AF /* Sources */ = {
			isa = PBXSourcesBuildPhase;
			buildActionMask = 2147483647;
			files = (
				184093591E27F61F00EAD8AF /* Prototipo_iOS_DesMovilUITests.swift in Sources */,
			);
			runOnlyForDeploymentPostprocessing = 0;
		};
/* End PBXSourcesBuildPhase section */

/* Begin PBXTargetDependency section */
		1840934B1E27F61F00EAD8AF /* PBXTargetDependency */ = {
			isa = PBXTargetDependency;
			target = 184093311E27F61E00EAD8AF /* Prototipo_iOS_DesMovil */;
			targetProxy = 1840934A1E27F61F00EAD8AF /* PBXContainerItemProxy */;
		};
		184093561E27F61F00EAD8AF /* PBXTargetDependency */ = {
			isa = PBXTargetDependency;
			target = 184093311E27F61E00EAD8AF /* Prototipo_iOS_DesMovil */;
			targetProxy = 184093551E27F61F00EAD8AF /* PBXContainerItemProxy */;
		};
/* End PBXTargetDependency section */

/* Begin PBXVariantGroup section */
		184093391E27F61E00EAD8AF /* Main.storyboard */ = {
			isa = PBXVariantGroup;
			children = (
				1840933A1E27F61E00EAD8AF /* Base */,
			);
			name = Main.storyboard;
			sourceTree = "<group>";
		};
		184093411E27F61F00EAD8AF /* LaunchScreen.storyboard */ = {
			isa = PBXVariantGroup;
			children = (
				184093421E27F61F00EAD8AF /* Base */,
			);
			name = LaunchScreen.storyboard;
			sourceTree = "<group>";
		};
/* End PBXVariantGroup section */

/* Begin XCBuildConfiguration section */
		1840935B1E27F61F00EAD8AF /* Debug */ = {
			isa = XCBuildConfiguration;
			buildSettings = {
				ALWAYS_SEARCH_USER_PATHS = NO;
				CLANG_ANALYZER_NONNULL = YES;
				CLANG_CXX_LANGUAGE_STANDARD = "gnu++0x";
				CLANG_CXX_LIBRARY = "libc++";
				CLANG_ENABLE_MODULES = YES;
				CLANG_ENABLE_OBJC_ARC = YES;
				CLANG_WARN_BOOL_CONVERSION = YES;
				CLANG_WARN_CONSTANT_CONVERSION = YES;
				CLANG_WARN_DIRECT_OBJC_ISA_USAGE = YES_ERROR;
				CLANG_WARN_DOCUMENTATION_COMMENTS = YES;
				CLANG_WARN_EMPTY_BODY = YES;
				CLANG_WARN_ENUM_CONVERSION = YES;
				CLANG_WARN_INFINITE_RECURSION = YES;
				CLANG_WARN_INT_CONVERSION = YES;
				CLANG_WARN_OBJC_ROOT_CLASS = YES_ERROR;
				CLANG_WARN_SUSPICIOUS_MOVE = YES;
				CLANG_WARN_UNREACHABLE_CODE = YES;
				CLANG_WARN__DUPLICATE_METHOD_MATCH = YES;
				"CODE_SIGN_IDENTITY[sdk=iphoneos*]" = "iPhone Developer";
				COPY_PHASE_STRIP = NO;
				DEBUG_INFORMATION_FORMAT = dwarf;
				ENABLE_STRICT_OBJC_MSGSEND = YES;
				ENABLE_TESTABILITY = YES;
				GCC_C_LANGUAGE_STANDARD = gnu99;
				GCC_DYNAMIC_NO_PIC = NO;
				GCC_NO_COMMON_BLOCKS = YES;
				GCC_OPTIMIZATION_LEVEL = 0;
				GCC_PREPROCESSOR_DEFINITIONS = (
					"DEBUG=1",
					"$(inherited)",
				);
				GCC_WARN_64_TO_32_BIT_CONVERSION = YES;
				GCC_WARN_ABOUT_RETURN_TYPE = YES_ERROR;
				GCC_WARN_UNDECLARED_SELECTOR = YES;
				GCC_WARN_UNINITIALIZED_AUTOS = YES_AGGRESSIVE;
				GCC_WARN_UNUSED_FUNCTION = YES;
				GCC_WARN_UNUSED_VARIABLE = YES;
				IPHONEOS_DEPLOYMENT_TARGET = 10.2;
				MTL_ENABLE_DEBUG_INFO = YES;
				ONLY_ACTIVE_ARCH = YES;
				SDKROOT = iphoneos;
				SWIFT_ACTIVE_COMPILATION_CONDITIONS = DEBUG;
				SWIFT_OPTIMIZATION_LEVEL = "-Onone";
			};
			name = Debug;
		};
		1840935C1E27F61F00EAD8AF /* Release */ = {
			isa = XCBuildConfiguration;
			buildSettings = {
				ALWAYS_SEARCH_USER_PATHS = NO;
				CLANG_ANALYZER_NONNULL = YES;
				CLANG_CXX_LANGUAGE_STANDARD = "gnu++0x";
				CLANG_CXX_LIBRARY = "libc++";
				CLANG_ENABLE_MODULES = YES;
				CLANG_ENABLE_OBJC_ARC = YES;
				CLANG_WARN_BOOL_CONVERSION = YES;
				CLANG_WARN_CONSTANT_CONVERSION = YES;
				CLANG_WARN_DIRECT_OBJC_ISA_USAGE = YES_ERROR;
				CLANG_WARN_DOCUMENTATION_COMMENTS = YES;
				CLANG_WARN_EMPTY_BODY = YES;
				CLANG_WARN_ENUM_CONVERSION = YES;
				CLANG_WARN_INFINITE_RECURSION = YES;
				CLANG_WARN_INT_CONVERSION = YES;
				CLANG_WARN_OBJC_ROOT_CLASS = YES_ERROR;
				CLANG_WARN_SUSPICIOUS_MOVE = YES;
				CLANG_WARN_UNREACHABLE_CODE = YES;
				CLANG_WARN__DUPLICATE_METHOD_MATCH = YES;
				"CODE_SIGN_IDENTITY[sdk=iphoneos*]" = "iPhone Developer";
				COPY_PHASE_STRIP = NO;
				DEBUG_INFORMATION_FORMAT = "dwarf-with-dsym";
				ENABLE_NS_ASSERTIONS = NO;
				ENABLE_STRICT_OBJC_MSGSEND = YES;
				GCC_C_LANGUAGE_STANDARD = gnu99;
				GCC_NO_COMMON_BLOCKS = YES;
				GCC_WARN_64_TO_32_BIT_CONVERSION = YES;
				GCC_WARN_ABOUT_RETURN_TYPE = YES_ERROR;
				GCC_WARN_UNDECLARED_SELECTOR = YES;
				GCC_WARN_UNINITIALIZED_AUTOS = YES_AGGRESSIVE;
				GCC_WARN_UNUSED_FUNCTION = YES;
				GCC_WARN_UNUSED_VARIABLE = YES;
				IPHONEOS_DEPLOYMENT_TARGET = 10.2;
				MTL_ENABLE_DEBUG_INFO = NO;
				SDKROOT = iphoneos;
				SWIFT_OPTIMIZATION_LEVEL = "-Owholemodule";
				VALIDATE_PRODUCT = YES;
			};
			name = Release;
		};
		1840935E1E27F61F00EAD8AF /* Debug */ = {
			isa = XCBuildConfiguration;
			baseConfigurationReference = 9C8D466524AD4299D06CD3C0 /* Pods-Prototipo_iOS_DesMovil.debug.xcconfig */;
			buildSettings = {
				ASSETCATALOG_COMPILER_APPICON_NAME = AppIcon;
				DEVELOPMENT_TEAM = 9VFL5M6PR9;
				INFOPLIST_FILE = Prototipo_iOS_DesMovil/Info.plist;
				LD_RUNPATH_SEARCH_PATHS = "$(inherited) @executable_path/Frameworks";
				PRODUCT_BUNDLE_IDENTIFIER = "Integra-IT.Prototipo-iOS-DesMovil";
				PRODUCT_NAME = "$(TARGET_NAME)";
				SWIFT_VERSION = 3.0;
			};
			name = Debug;
		};
		1840935F1E27F61F00EAD8AF /* Release */ = {
			isa = XCBuildConfiguration;
			baseConfigurationReference = CDB02A7CF55201FCEEB000B0 /* Pods-Prototipo_iOS_DesMovil.release.xcconfig */;
			buildSettings = {
				ASSETCATALOG_COMPILER_APPICON_NAME = AppIcon;
				DEVELOPMENT_TEAM = 9VFL5M6PR9;
				INFOPLIST_FILE = Prototipo_iOS_DesMovil/Info.plist;
				LD_RUNPATH_SEARCH_PATHS = "$(inherited) @executable_path/Frameworks";
				PRODUCT_BUNDLE_IDENTIFIER = "Integra-IT.Prototipo-iOS-DesMovil";
				PRODUCT_NAME = "$(TARGET_NAME)";
				SWIFT_VERSION = 3.0;
			};
			name = Release;
		};
		184093611E27F61F00EAD8AF /* Debug */ = {
			isa = XCBuildConfiguration;
			baseConfigurationReference = DACB8EA658C44432F8620C9F /* Pods-Prototipo_iOS_DesMovilTests.debug.xcconfig */;
			buildSettings = {
				ALWAYS_EMBED_SWIFT_STANDARD_LIBRARIES = YES;
				BUNDLE_LOADER = "$(TEST_HOST)";
				DEVELOPMENT_TEAM = 9VFL5M6PR9;
				INFOPLIST_FILE = Prototipo_iOS_DesMovilTests/Info.plist;
				LD_RUNPATH_SEARCH_PATHS = "$(inherited) @executable_path/Frameworks @loader_path/Frameworks";
				PRODUCT_BUNDLE_IDENTIFIER = "Integra-IT.Prototipo-iOS-DesMovilTests";
				PRODUCT_NAME = "$(TARGET_NAME)";
				SWIFT_VERSION = 3.0;
				TEST_HOST = "$(BUILT_PRODUCTS_DIR)/Prototipo_iOS_DesMovil.app/Prototipo_iOS_DesMovil";
			};
			name = Debug;
		};
		184093621E27F61F00EAD8AF /* Release */ = {
			isa = XCBuildConfiguration;
			baseConfigurationReference = F86EF6C8348C8F11226E69F9 /* Pods-Prototipo_iOS_DesMovilTests.release.xcconfig */;
			buildSettings = {
				ALWAYS_EMBED_SWIFT_STANDARD_LIBRARIES = YES;
				BUNDLE_LOADER = "$(TEST_HOST)";
				DEVELOPMENT_TEAM = 9VFL5M6PR9;
				INFOPLIST_FILE = Prototipo_iOS_DesMovilTests/Info.plist;
				LD_RUNPATH_SEARCH_PATHS = "$(inherited) @executable_path/Frameworks @loader_path/Frameworks";
				PRODUCT_BUNDLE_IDENTIFIER = "Integra-IT.Prototipo-iOS-DesMovilTests";
				PRODUCT_NAME = "$(TARGET_NAME)";
				SWIFT_VERSION = 3.0;
				TEST_HOST = "$(BUILT_PRODUCTS_DIR)/Prototipo_iOS_DesMovil.app/Prototipo_iOS_DesMovil";
			};
			name = Release;
		};
		184093641E27F61F00EAD8AF /* Debug */ = {
			isa = XCBuildConfiguration;
			baseConfigurationReference = 2C55C325182ACE00F25FD852 /* Pods-Prototipo_iOS_DesMovilUITests.debug.xcconfig */;
			buildSettings = {
				ALWAYS_EMBED_SWIFT_STANDARD_LIBRARIES = YES;
				DEVELOPMENT_TEAM = 9VFL5M6PR9;
				INFOPLIST_FILE = Prototipo_iOS_DesMovilUITests/Info.plist;
				LD_RUNPATH_SEARCH_PATHS = "$(inherited) @executable_path/Frameworks @loader_path/Frameworks";
				PRODUCT_BUNDLE_IDENTIFIER = "Integra-IT.Prototipo-iOS-DesMovilUITests";
				PRODUCT_NAME = "$(TARGET_NAME)";
				SWIFT_VERSION = 3.0;
				TEST_TARGET_NAME = Prototipo_iOS_DesMovil;
			};
			name = Debug;
		};
		184093651E27F61F00EAD8AF /* Release */ = {
			isa = XCBuildConfiguration;
			baseConfigurationReference = A1E0CFB70BF49B8D8E413CF4 /* Pods-Prototipo_iOS_DesMovilUITests.release.xcconfig */;
			buildSettings = {
				ALWAYS_EMBED_SWIFT_STANDARD_LIBRARIES = YES;
				DEVELOPMENT_TEAM = 9VFL5M6PR9;
				INFOPLIST_FILE = Prototipo_iOS_DesMovilUITests/Info.plist;
				LD_RUNPATH_SEARCH_PATHS = "$(inherited) @executable_path/Frameworks @loader_path/Frameworks";
				PRODUCT_BUNDLE_IDENTIFIER = "Integra-IT.Prototipo-iOS-DesMovilUITests";
				PRODUCT_NAME = "$(TARGET_NAME)";
				SWIFT_VERSION = 3.0;
				TEST_TARGET_NAME = Prototipo_iOS_DesMovil;
			};
			name = Release;
		};
/* End XCBuildConfiguration section */

/* Begin XCConfigurationList section */
		1840932D1E27F61D00EAD8AF /* Build configuration list for PBXProject "Prototipo_iOS_DesMovil" */ = {
			isa = XCConfigurationList;
			buildConfigurations = (
				1840935B1E27F61F00EAD8AF /* Debug */,
				1840935C1E27F61F00EAD8AF /* Release */,
			);
			defaultConfigurationIsVisible = 0;
			defaultConfigurationName = Release;
		};
		1840935D1E27F61F00EAD8AF /* Build configuration list for PBXNativeTarget "Prototipo_iOS_DesMovil" */ = {
			isa = XCConfigurationList;
			buildConfigurations = (
				1840935E1E27F61F00EAD8AF /* Debug */,
				1840935F1E27F61F00EAD8AF /* Release */,
			);
			defaultConfigurationIsVisible = 0;
			defaultConfigurationName = Release;
		};
		184093601E27F61F00EAD8AF /* Build configuration list for PBXNativeTarget "Prototipo_iOS_DesMovilTests" */ = {
			isa = XCConfigurationList;
			buildConfigurations = (
				184093611E27F61F00EAD8AF /* Debug */,
				184093621E27F61F00EAD8AF /* Release */,
			);
			defaultConfigurationIsVisible = 0;
			defaultConfigurationName = Release;
		};
		184093631E27F61F00EAD8AF /* Build configuration list for PBXNativeTarget "Prototipo_iOS_DesMovilUITests" */ = {
			isa = XCConfigurationList;
			buildConfigurations = (
				184093641E27F61F00EAD8AF /* Debug */,
				184093651E27F61F00EAD8AF /* Release */,
			);
			defaultConfigurationIsVisible = 0;
			defaultConfigurationName = Release;
		};
/* End XCConfigurationList section */

/* Begin XCVersionGroup section */
		1840933C1E27F61F00EAD8AF /* Prototipo_iOS_DesMovil.xcdatamodeld */ = {
			isa = XCVersionGroup;
			children = (
				1840933D1E27F61F00EAD8AF /* Prototipo_iOS_DesMovil.xcdatamodel */,
			);
			currentVersion = 1840933D1E27F61F00EAD8AF /* Prototipo_iOS_DesMovil.xcdatamodel */;
			path = Prototipo_iOS_DesMovil.xcdatamodeld;
			sourceTree = "<group>";
			versionGroupType = wrapper.xcdatamodel;
		};
/* End XCVersionGroup section */
	};
	rootObject = 1840932A1E27F61D00EAD8AF /* Project object */;
}
